<?xml version="1.0" encoding="UTF-8" standalone="yes" ?>
<CodeBlocks_project_file>
	<FileVersion major="1" minor="6" />
	<Project>
		<Option title="GameDevDll" />
		<Option pch_mode="2" />
		<Option compiler="gcc" />
		<Option show_notes="0">
			<notes>
				<![CDATA[Библиотека для взаимодействия с окнами  сторонних приложений (`WINAPI`)]]>
			</notes>
		</Option>
		<Build>
			<Target title="Debug">
				<Option output="bin/Debug/GameDev" prefix_auto="1" extension_auto="1" />
				<Option object_output="obj/Debug/" />
				<Option type="3" />
				<Option compiler="gcc" />
				<Option host_application="bin/Debug/GameDevDllTestC++.exe" />
				<Option run_host_application_in_terminal="0" />
				<Option createDefFile="1" />
				<Option createStaticLib="1" />
				<Compiler>
					<Add option="-Wall" />
					<Add option="-std=c++14" />
					<Add option="-m32" />
					<Add option="-g" />
					<Add option="-fopenmp" />
					<Add option="-DBUILD_DLL" />
					<Add option="-D__InputKB_00010419" />
				</Compiler>
				<Linker>
					<Add option="-static-libstdc++" />
					<Add option="-static-libgcc" />
					<Add option="-static" />
					<Add option="-m32" />
					<Add option="-lgomp" />
					<Add option="-lgdi32" />
					<Add option="-luser32" />
				</Linker>
			</Target>
			<Target title="Release">
				<Option output="bin/Release/GameDev" prefix_auto="1" extension_auto="1" />
				<Option object_output="obj/Release/" />
				<Option type="3" />
				<Option compiler="gcc" />
				<Option createDefFile="1" />
				<Option createStaticLib="1" />
				<Compiler>
					<Add option="-O2" />
					<Add option="-Wextra" />
					<Add option="-Wall" />
					<Add option="-std=c++14" />
					<Add option="-m32" />
					<Add option="-fopenmp" />
					<Add option="-DBUILD_DLL" />
					<Add option="-D__InputKB_00010419" />
				</Compiler>
				<Linker>
					<Add option="-s" />
					<Add option="-static-libstdc++" />
					<Add option="-static-libgcc" />
					<Add option="-static" />
					<Add option="-m32" />
					<Add option="-lgomp" />
					<Add option="-lgdi32" />
					<Add option="-luser32" />
					<Add library="user32" />
				</Linker>
				<ExtraCommands>
					<Add after="C:\__Bin\upx.exe -9 bin\Release\GameDev.dll" />
					<Add after="cmd.exe /C copy bin\Release\GameDev.dll ..\GUI\bin\Debug\GameDev.dll" />
					<Add after="cmd.exe /C copy bin\Release\GameDev.dll ..\GUI\bin\Release\GameDev.dll" />
					<Add after="cmd.exe /C copy bin\Release\GameDev.dll ..\GUI\bin\Publish\GameDev.dll" />
					<Mode after="always" />
				</ExtraCommands>
			</Target>
		</Build>
		<Unit filename="API/GameDevClass.cpp" />
		<Unit filename="API/GameDevClass.hpp" />
		<Unit filename="BitMap.cpp" />
		<Unit filename="BitMap.h" />
		<Unit filename="HBitMap.cpp" />
		<Unit filename="InputDirectX.h" />
		<Unit filename="InputKey.cpp" />
		<Unit filename="InputKey.h" />
		<Unit filename="InputLang.cpp" />
		<Unit filename="InputMouse.h" />
		<Unit filename="InputMouseAW.cpp" />
		<Unit filename="InputMouseBW.cpp" />
		<Unit filename="Wnd.cpp" />
		<Unit filename="Wnd.h" />
		<Unit filename="loader.cpp" />
		<Unit filename="loader.h" />
		<Unit filename="version.h" />
		<Extensions>
			<code_completion />
			<envvars />
			<debugger />
			<AutoVersioning>
				<Scheme minor_max="10" build_max="0" rev_max="0" rev_rand_max="10" build_times_to_increment_minor="100" />
				<Settings autoincrement="1" date_declarations="1" use_define="1" update_manifest="0" do_auto_increment="1" ask_to_increment="0" language="C" svn="1" svn_directory="C:\__BuildSource\__TEST__\__COC__\GameDevDll\.svn" header_path="version.h" />
				<Changes_Log show_changes_editor="0" app_title="released version %M.%m.%b of %p" changeslog_path="CHANGESLOG.txt" />
				<Code header_guard="VERSION_H" namespace="AutoVersion" prefix="GMD" />
			</AutoVersioning>
		</Extensions>
	</Project>
</CodeBlocks_project_file>
